
Microsoft Visual Studio Solution File, Format Version 12.00
# Visual Studio Version 17
VisualStudioVersion = 17.11.35312.102
MinimumVisualStudioVersion = 10.0.40219.1
Project("{FAE04EC0-301F-11D3-BF4B-00C04F79EFBC}") = "TNAPP", "TNAPP\TNAPP.csproj", "{FB0B58C5-1AE0-4121-9C52-E0FB0888723C}"
EndProject
Global
	GlobalSection(SolutionConfigurationPlatforms) = preSolution
		Debug|Any CPU = Debug|Any CPU
		Release|Any CPU = Release|Any CPU
	EndGlobalSection
	GlobalSection(ProjectConfigurationPlatforms) = postSolution
		{FB0B58C5-1AE0-4121-9C52-E0FB0888723C}.Debug|Any CPU.ActiveCfg = Debug|Any CPU
		{FB0B58C5-1AE0-4121-9C52-E0FB0888723C}.Debug|Any CPU.Build.0 = Debug|Any CPU
		{FB0B58C5-1AE0-4121-9C52-E0FB0888723C}.Debug|Any CPU.Deploy.0 = Debug|Any CPU
		{FB0B58C5-1AE0-4121-9C52-E0FB0888723C}.Release|Any CPU.ActiveCfg = Release|Any CPU
		{FB0B58C5-1AE0-4121-9C52-E0FB0888723C}.Release|Any CPU.Build.0 = Release|Any CPU
		{FB0B58C5-1AE0-4121-9C52-E0FB0888723C}.Release|Any CPU.Deploy.0 = Release|Any CPU
	EndGlobalSection
	GlobalSection(SolutionProperties) = preSolution
		HideSolutionNode = FALSE
	EndGlobalSection
	GlobalSection(ExtensibilityGlobals) = postSolution
		SolutionGuid = {D29ECBF0-FBA1-4E90-9843-A60B6F6D7525}
	EndGlobalSection
EndGlobal
